
Microsoft Visual Studio Solution File, Format Version 12.00
# Visual Studio Version 17
VisualStudioVersion = 17.0.31903.59
MinimumVisualStudioVersion = 10.0.40219.1
Project("{FAE04EC0-301F-11D3-BF4B-00C04F79EFBC}") = "RightSize", "RightSize\RightSize.csproj", "{E6344BAA-7E54-40DD-85DE-517CD52958A5}"
EndProject
Project("{FAE04EC0-301F-11D3-BF4B-00C04F79EFBC}") = "ChangeString", "ChangeString\ChangeString.csproj", "{F3CFA809-668B-403F-8A89-BD9D8507ECF4}"
EndProject
Project("{FAE04EC0-301F-11D3-BF4B-00C04F79EFBC}") = "ArrayMul", "ArrayMul\ArrayMul.csproj", "{439E715E-5E80-4788-AE51-FA2E114738FB}"
EndProject
Global
	GlobalSection(SolutionConfigurationPlatforms) = preSolution
		Debug|Any CPU = Debug|Any CPU
		Release|Any CPU = Release|Any CPU
	EndGlobalSection
	GlobalSection(SolutionProperties) = preSolution
		HideSolutionNode = FALSE
	EndGlobalSection
	GlobalSection(ProjectConfigurationPlatforms) = postSolution
		{E6344BAA-7E54-40DD-85DE-517CD52958A5}.Debug|Any CPU.ActiveCfg = Debug|Any CPU
		{E6344BAA-7E54-40DD-85DE-517CD52958A5}.Debug|Any CPU.Build.0 = Debug|Any CPU
		{E6344BAA-7E54-40DD-85DE-517CD52958A5}.Release|Any CPU.ActiveCfg = Release|Any CPU
		{E6344BAA-7E54-40DD-85DE-517CD52958A5}.Release|Any CPU.Build.0 = Release|Any CPU
		{F3CFA809-668B-403F-8A89-BD9D8507ECF4}.Debug|Any CPU.ActiveCfg = Debug|Any CPU
		{F3CFA809-668B-403F-8A89-BD9D8507ECF4}.Debug|Any CPU.Build.0 = Debug|Any CPU
		{F3CFA809-668B-403F-8A89-BD9D8507ECF4}.Release|Any CPU.ActiveCfg = Release|Any CPU
		{F3CFA809-668B-403F-8A89-BD9D8507ECF4}.Release|Any CPU.Build.0 = Release|Any CPU
		{439E715E-5E80-4788-AE51-FA2E114738FB}.Debug|Any CPU.ActiveCfg = Debug|Any CPU
		{439E715E-5E80-4788-AE51-FA2E114738FB}.Debug|Any CPU.Build.0 = Debug|Any CPU
		{439E715E-5E80-4788-AE51-FA2E114738FB}.Release|Any CPU.ActiveCfg = Release|Any CPU
		{439E715E-5E80-4788-AE51-FA2E114738FB}.Release|Any CPU.Build.0 = Release|Any CPU
	EndGlobalSection
EndGlobal
